Microsoft Visual Studio Solution File, Format Version 12.00
# Visual Studio Version 17
VisualStudioVersion = 17.5.2.0
MinimumVisualStudioVersion = 10.0.40219.1
Project("{FAE04EC0-301F-11D3-BF4B-00C04F79EFBC}") = "Projekt-Zespolowy", "src\Projekt-Zespolowy.csproj", "{7AE38F25-F43E-D81B-7503-F52B6E2F7C8C}"
EndProject
Project("{E53339B2-1760-4266-BCC7-CA923CBCF16C}") = "docker-compose", "docker-compose.dcproj", "{81DDED9D-158B-E303-5F62-77A2896D2A5A}"
EndProject
Global
	GlobalSection(SolutionConfigurationPlatforms) = preSolution
		Debug|Any CPU = Debug|Any CPU
		Release|Any CPU = Release|Any CPU
	EndGlobalSection
	GlobalSection(ProjectConfigurationPlatforms) = postSolution
		{7AE38F25-F43E-D81B-7503-F52B6E2F7C8C}.Debug|Any CPU.ActiveCfg = Debug|Any CPU
		{7AE38F25-F43E-D81B-7503-F52B6E2F7C8C}.Debug|Any CPU.Build.0 = Debug|Any CPU
		{7AE38F25-F43E-D81B-7503-F52B6E2F7C8C}.Release|Any CPU.ActiveCfg = Release|Any CPU
		{7AE38F25-F43E-D81B-7503-F52B6E2F7C8C}.Release|Any CPU.Build.0 = Release|Any CPU
		{81DDED9D-158B-E303-5F62-77A2896D2A5A}.Debug|Any CPU.ActiveCfg = Debug|Any CPU
		{81DDED9D-158B-E303-5F62-77A2896D2A5A}.Debug|Any CPU.Build.0 = Debug|Any CPU
		{81DDED9D-158B-E303-5F62-77A2896D2A5A}.Release|Any CPU.ActiveCfg = Release|Any CPU
		{81DDED9D-158B-E303-5F62-77A2896D2A5A}.Release|Any CPU.Build.0 = Release|Any CPU
	EndGlobalSection
	GlobalSection(SolutionProperties) = preSolution
		HideSolutionNode = FALSE
	EndGlobalSection
	GlobalSection(ExtensibilityGlobals) = postSolution
		SolutionGuid = {63655929-FE2B-41B6-ADB6-7630141F8A51}
	EndGlobalSection
EndGlobal
